// !$*UTF8*$!
{
	archiveVersion = 1;
	classes = {
	};
	objectVersion = 46;
	objects = {

/* Begin PBXBuildFile section */
		3F04F5FD167F25BC009EF9DB /* CommentsViewController.m in Sources */ = {isa = PBXBuildFile; fileRef = 3F04F5FC167F25BC009EF9DB /* CommentsViewController.m */; };
		3F07EDEC1721FCF0003ACDEC /* AuthorIconMini.png in Resources */ = {isa = PBXBuildFile; fileRef = 3F07EDE41721FCF0003ACDEC /* AuthorIconMini.png */; };
		3F07EDED1721FCF0003ACDEC /* AuthorIconMini@2x.png in Resources */ = {isa = PBXBuildFile; fileRef = 3F07EDE51721FCF0003ACDEC /* AuthorIconMini@2x.png */; };
		3F07EDEE1721FCF0003ACDEC /* CommentIconMini.png in Resources */ = {isa = PBXBuildFile; fileRef = 3F07EDE61721FCF0003ACDEC /* CommentIconMini.png */; };
		3F07EDEF1721FCF0003ACDEC /* CommentIconMini@2x.png in Resources */ = {isa = PBXBuildFile; fileRef = 3F07EDE71721FCF0003ACDEC /* CommentIconMini@2x.png */; };
		3F07EDF01721FCF0003ACDEC /* DateIconMini.png in Resources */ = {isa = PBXBuildFile; fileRef = 3F07EDE81721FCF0003ACDEC /* DateIconMini.png */; };
		3F07EDF11721FCF0003ACDEC /* DateIconMini@2x.png in Resources */ = {isa = PBXBuildFile; fileRef = 3F07EDE91721FCF0003ACDEC /* DateIconMini@2x.png */; };
		3F07EDF21721FCF0003ACDEC /* SizeIconMini.png in Resources */ = {isa = PBXBuildFile; fileRef = 3F07EDEA1721FCF0003ACDEC /* SizeIconMini.png */; };
		3F07EDF31721FCF0003ACDEC /* SizeIconMini@2x.png in Resources */ = {isa = PBXBuildFile; fileRef = 3F07EDEB1721FCF0003ACDEC /* SizeIconMini@2x.png */; };
		3F196E3016C42A4C00201FAC /* CentraleSupelec.png in Resources */ = {isa = PBXBuildFile; fileRef = 3F196E2F16C42A4C00201FAC /* CentraleSupelec.png */; };
		3F196E3316C42C8B00201FAC /* FenteLeft.png in Resources */ = {isa = PBXBuildFile; fileRef = 3F196E3116C42C8B00201FAC /* FenteLeft.png */; };
		3F196E3416C42C8B00201FAC /* FenteRight.png in Resources */ = {isa = PBXBuildFile; fileRef = 3F196E3216C42C8B00201FAC /* FenteRight.png */; };
		3F1D769D16C819FA00020FDC /* sectionCCP.png in Resources */ = {isa = PBXBuildFile; fileRef = 3F1D769B16C819F900020FDC /* sectionCCP.png */; };
		3F1D769E16C819FA00020FDC /* sectionCCP@2x.png in Resources */ = {isa = PBXBuildFile; fileRef = 3F1D769C16C819FA00020FDC /* sectionCCP@2x.png */; };
		3F45810216C00F320017BD9A /* NewsCell.m in Sources */ = {isa = PBXBuildFile; fileRef = 3F45810116C00F320017BD9A /* NewsCell.m */; };
		3F47442816C846500005CE67 /* FileCell.m in Sources */ = {isa = PBXBuildFile; fileRef = 3F47442716C846500005CE67 /* FileCell.m */; };
		3F5DBC2F1722AA3900F503B2 /* HeaderCentraleSupelec@2x.png in Resources */ = {isa = PBXBuildFile; fileRef = 3F5DBC2E1722AA3900F503B2 /* HeaderCentraleSupelec@2x.png */; };
		3F7BCE0E16C1BDB50084ACFD /* EpreuveCell.m in Sources */ = {isa = PBXBuildFile; fileRef = 3F7BCE0D16C1BDB50084ACFD /* EpreuveCell.m */; };
		3F7BCE1116C1C6370084ACFD /* ConcoursCell.m in Sources */ = {isa = PBXBuildFile; fileRef = 3F7BCE1016C1C6370084ACFD /* ConcoursCell.m */; };
		3FEBFCD716C46393007ABD8E /* ViewerViewController.m in Sources */ = {isa = PBXBuildFile; fileRef = 3FEBFCD616C46393007ABD8E /* ViewerViewController.m */; };
		3FF0B45016C6949D00E07D0E /* FileManagerViewController.m in Sources */ = {isa = PBXBuildFile; fileRef = 3FF0B44F16C6949D00E07D0E /* FileManagerViewController.m */; };
		3FFA184D16C02B8000D6E085 /* NewsBackground.png in Resources */ = {isa = PBXBuildFile; fileRef = 3FFA184B16C02B8000D6E085 /* NewsBackground.png */; };
		3FFA184E16C02B8000D6E085 /* NewsBackgroundHighlighted.png in Resources */ = {isa = PBXBuildFile; fileRef = 3FFA184C16C02B8000D6E085 /* NewsBackgroundHighlighted.png */; };
		9127A147167D36FD00D1EB09 /* UIKit.framework in Frameworks */ = {isa = PBXBuildFile; fileRef = 9127A146167D36FD00D1EB09 /* UIKit.framework */; };
		9127A149167D36FD00D1EB09 /* Foundation.framework in Frameworks */ = {isa = PBXBuildFile; fileRef = 9127A148167D36FD00D1EB09 /* Foundation.framework */; };
		9127A14B167D36FD00D1EB09 /* CoreGraphics.framework in Frameworks */ = {isa = PBXBuildFile; fileRef = 9127A14A167D36FD00D1EB09 /* CoreGraphics.framework */; };
		9127A151167D36FD00D1EB09 /* InfoPlist.strings in Resources */ = {isa = PBXBuildFile; fileRef = 9127A14F167D36FD00D1EB09 /* InfoPlist.strings */; };
		9127A153167D36FD00D1EB09 /* main.m in Sources */ = {isa = PBXBuildFile; fileRef = 9127A152167D36FD00D1EB09 /* main.m */; };
		9127A157167D36FD00D1EB09 /* AppDelegate.m in Sources */ = {isa = PBXBuildFile; fileRef = 9127A156167D36FD00D1EB09 /* AppDelegate.m */; };
		9127A160167D36FD00D1EB09 /* MainStoryboard_iPhone.storyboard in Resources */ = {isa = PBXBuildFile; fileRef = 9127A15E167D36FD00D1EB09 /* MainStoryboard_iPhone.storyboard */; };
		9127A163167D36FD00D1EB09 /* MainStoryboard_iPad.storyboard in Resources */ = {isa = PBXBuildFile; fileRef = 9127A161167D36FD00D1EB09 /* MainStoryboard_iPad.storyboard */; };
		9127A166167D36FD00D1EB09 /* ActuViewController.m in Sources */ = {isa = PBXBuildFile; fileRef = 9127A165167D36FD00D1EB09 /* ActuViewController.m */; };
		9127A16D167D36FD00D1EB09 /* SujetsCorrigesViewController.m in Sources */ = {isa = PBXBuildFile; fileRef = 9127A16C167D36FD00D1EB09 /* SujetsCorrigesViewController.m */; };
		9127A17F167D378F00D1EB09 /* ECSlidingViewController.m in Sources */ = {isa = PBXBuildFile; fileRef = 9127A17C167D378F00D1EB09 /* ECSlidingViewController.m */; };
		9127A180167D378F00D1EB09 /* UIImage+ImageWithUIView.m in Sources */ = {isa = PBXBuildFile; fileRef = 9127A17E167D378F00D1EB09 /* UIImage+ImageWithUIView.m */; };
		9127A189167D397600D1EB09 /* ActuListViewController.m in Sources */ = {isa = PBXBuildFile; fileRef = 9127A188167D397600D1EB09 /* ActuListViewController.m */; };
		9127A18D167D39D700D1EB09 /* XMLParser.m in Sources */ = {isa = PBXBuildFile; fileRef = 9127A18C167D39D700D1EB09 /* XMLParser.m */; };
		9127A193167D39F000D1EB09 /* arrow.png in Resources */ = {isa = PBXBuildFile; fileRef = 9127A18F167D39F000D1EB09 /* arrow.png */; };
		9127A194167D39F000D1EB09 /* arrow@2x.png in Resources */ = {isa = PBXBuildFile; fileRef = 9127A190167D39F000D1EB09 /* arrow@2x.png */; };
		9127A195167D39F000D1EB09 /* PullToRefreshView.m in Sources */ = {isa = PBXBuildFile; fileRef = 9127A192167D39F000D1EB09 /* PullToRefreshView.m */; };
		9127A19B167D3C2900D1EB09 /* QuartzCore.framework in Frameworks */ = {isa = PBXBuildFile; fileRef = 9127A19A167D3C2900D1EB09 /* QuartzCore.framework */; };
		9127A19E167D3F6100D1EB09 /* ActuDetailsViewController.m in Sources */ = {isa = PBXBuildFile; fileRef = 9127A19D167D3F6100D1EB09 /* ActuDetailsViewController.m */; };
		9127A1A1167D42D800D1EB09 /* ActuPartageViewController.m in Sources */ = {isa = PBXBuildFile; fileRef = 9127A1A0167D42D800D1EB09 /* ActuPartageViewController.m */; };
		9127A1A9167D479400D1EB09 /* SujetsCorrigesPageViewController.m in Sources */ = {isa = PBXBuildFile; fileRef = 9127A1A8167D479400D1EB09 /* SujetsCorrigesPageViewController.m */; };
		9127A1BF167D483700D1EB09 /* ASIAuthenticationDialog.m in Sources */ = {isa = PBXBuildFile; fileRef = 9127A1AC167D483700D1EB09 /* ASIAuthenticationDialog.m */; settings = {COMPILER_FLAGS = "-fno-objc-arc"; }; };
		9127A1C0167D483700D1EB09 /* ASIDataCompressor.m in Sources */ = {isa = PBXBuildFile; fileRef = 9127A1AF167D483700D1EB09 /* ASIDataCompressor.m */; settings = {COMPILER_FLAGS = "-fno-objc-arc"; }; };
		9127A1C1167D483700D1EB09 /* ASIDataDecompressor.m in Sources */ = {isa = PBXBuildFile; fileRef = 9127A1B1167D483700D1EB09 /* ASIDataDecompressor.m */; settings = {COMPILER_FLAGS = "-fno-objc-arc"; }; };
		9127A1C2167D483700D1EB09 /* ASIDownloadCache.m in Sources */ = {isa = PBXBuildFile; fileRef = 9127A1B3167D483700D1EB09 /* ASIDownloadCache.m */; settings = {COMPILER_FLAGS = "-fno-objc-arc"; }; };
		9127A1C3167D483700D1EB09 /* ASIFormDataRequest.m in Sources */ = {isa = PBXBuildFile; fileRef = 9127A1B5167D483700D1EB09 /* ASIFormDataRequest.m */; settings = {COMPILER_FLAGS = "-fno-objc-arc"; }; };
		9127A1C4167D483700D1EB09 /* ASIHTTPRequest.m in Sources */ = {isa = PBXBuildFile; fileRef = 9127A1B7167D483700D1EB09 /* ASIHTTPRequest.m */; settings = {COMPILER_FLAGS = "-fno-objc-arc"; }; };
		9127A1C5167D483700D1EB09 /* ASIInputStream.m in Sources */ = {isa = PBXBuildFile; fileRef = 9127A1BB167D483700D1EB09 /* ASIInputStream.m */; settings = {COMPILER_FLAGS = "-fno-objc-arc"; }; };
		9127A1C6167D483700D1EB09 /* ASINetworkQueue.m in Sources */ = {isa = PBXBuildFile; fileRef = 9127A1BD167D483700D1EB09 /* ASINetworkQueue.m */; settings = {COMPILER_FLAGS = "-fno-objc-arc"; }; };
		9127A1CA167D485800D1EB09 /* Reachability.m in Sources */ = {isa = PBXBuildFile; fileRef = 9127A1C9167D485800D1EB09 /* Reachability.m */; settings = {COMPILER_FLAGS = "-fno-objc-arc"; }; };
		9127A1CC167D488C00D1EB09 /* CFNetwork.framework in Frameworks */ = {isa = PBXBuildFile; fileRef = 9127A1CB167D488C00D1EB09 /* CFNetwork.framework */; };
		9127A1CE167D489300D1EB09 /* SystemConfiguration.framework in Frameworks */ = {isa = PBXBuildFile; fileRef = 9127A1CD167D489300D1EB09 /* SystemConfiguration.framework */; };
		9127A1D0167D489900D1EB09 /* MobileCoreServices.framework in Frameworks */ = {isa = PBXBuildFile; fileRef = 9127A1CF167D489900D1EB09 /* MobileCoreServices.framework */; };
		9127A1D2167D48A000D1EB09 /* libz.dylib in Frameworks */ = {isa = PBXBuildFile; fileRef = 9127A1D1167D48A000D1EB09 /* libz.dylib */; };
		9127A1D5167D494E00D1EB09 /* SujetsCorrigesListViewController.m in Sources */ = {isa = PBXBuildFile; fileRef = 9127A1D4167D494E00D1EB09 /* SujetsCorrigesListViewController.m */; };
		9127A1D8167D4BBF00D1EB09 /* ConcoursListViewController.m in Sources */ = {isa = PBXBuildFile; fileRef = 9127A1D7167D4BBE00D1EB09 /* ConcoursListViewController.m */; };
		9127A1DB167D4D7300D1EB09 /* VariableStore.m in Sources */ = {isa = PBXBuildFile; fileRef = 9127A1DA167D4D7300D1EB09 /* VariableStore.m */; };
		9127A1F3167DEDB500D1EB09 /* SujetsCorrigesDetailsViewController.m in Sources */ = {isa = PBXBuildFile; fileRef = 9127A1F2167DEDB400D1EB09 /* SujetsCorrigesDetailsViewController.m */; };
		9127A1F6167DF76D00D1EB09 /* Social.framework in Frameworks */ = {isa = PBXBuildFile; fileRef = 9127A1F5167DF76D00D1EB09 /* Social.framework */; };
		9127A1F8167DF77400D1EB09 /* Twitter.framework in Frameworks */ = {isa = PBXBuildFile; fileRef = 9127A1F7167DF77400D1EB09 /* Twitter.framework */; };
		9127A1FB167DF80700D1EB09 /* ActuVariableStore.m in Sources */ = {isa = PBXBuildFile; fileRef = 9127A1FA167DF80700D1EB09 /* ActuVariableStore.m */; };
		9127A1FF167DFF8100D1EB09 /* SimuListViewController.m in Sources */ = {isa = PBXBuildFile; fileRef = 9127A1FE167DFF8100D1EB09 /* SimuListViewController.m */; };
		9127A20C167E070300D1EB09 /* Icone57.png in Resources */ = {isa = PBXBuildFile; fileRef = 9127A20B167E070300D1EB09 /* Icone57.png */; };
		9127A20E167E071300D1EB09 /* Icone114.png in Resources */ = {isa = PBXBuildFile; fileRef = 9127A20D167E071300D1EB09 /* Icone114.png */; };
		9127A210167E072000D1EB09 /* Default.png in Resources */ = {isa = PBXBuildFile; fileRef = 9127A20F167E072000D1EB09 /* Default.png */; };
		9127A212167E072800D1EB09 /* Default@2x.png in Resources */ = {isa = PBXBuildFile; fileRef = 9127A211167E072800D1EB09 /* Default@2x.png */; };
		9127A214167E072F00D1EB09 /* Default-568h@2x.png in Resources */ = {isa = PBXBuildFile; fileRef = 9127A213167E072F00D1EB09 /* Default-568h@2x.png */; };
		9127A21F167E076100D1EB09 /* Baccalaureat.png in Resources */ = {isa = PBXBuildFile; fileRef = 9127A215167E076100D1EB09 /* Baccalaureat.png */; };
		9127A220167E076100D1EB09 /* Baccalaureat@2x.png in Resources */ = {isa = PBXBuildFile; fileRef = 9127A216167E076100D1EB09 /* Baccalaureat@2x.png */; };
		9127A221167E076100D1EB09 /* Mines-Ponts.png in Resources */ = {isa = PBXBuildFile; fileRef = 9127A217167E076100D1EB09 /* Mines-Ponts.png */; };
		9127A222167E076100D1EB09 /* Centrale-Supelec.png in Resources */ = {isa = PBXBuildFile; fileRef = 9127A218167E076100D1EB09 /* Centrale-Supelec.png */; };
		9127A223167E076100D1EB09 /* Banque PT.png in Resources */ = {isa = PBXBuildFile; fileRef = 9127A219167E076100D1EB09 /* Banque PT.png */; };
		9127A224167E076100D1EB09 /* CCP.png in Resources */ = {isa = PBXBuildFile; fileRef = 9127A21A167E076100D1EB09 /* CCP.png */; };
		9127A225167E076100D1EB09 /* Centrale-Supelec@2x.png in Resources */ = {isa = PBXBuildFile; fileRef = 9127A21B167E076100D1EB09 /* Centrale-Supelec@2x.png */; };
		9127A226167E076100D1EB09 /* Banque PT@2x.png in Resources */ = {isa = PBXBuildFile; fileRef = 9127A21C167E076100D1EB09 /* Banque PT@2x.png */; };
		9127A227167E076100D1EB09 /* Mines-Ponts@2x.png in Resources */ = {isa = PBXBuildFile; fileRef = 9127A21D167E076100D1EB09 /* Mines-Ponts@2x.png */; };
		9127A228167E076100D1EB09 /* CCP@2x.png in Resources */ = {isa = PBXBuildFile; fileRef = 9127A21E167E076100D1EB09 /* CCP@2x.png */; };
		916692551722BB7F00C6C014 /* MBProgressHUD.m in Sources */ = {isa = PBXBuildFile; fileRef = 916692541722BB7F00C6C014 /* MBProgressHUD.m */; };
		9185EE2A172211B90014CC63 /* envelope.png in Resources */ = {isa = PBXBuildFile; fileRef = 9185EE22172211B90014CC63 /* envelope.png */; };
		9185EE2B172211B90014CC63 /* envelope@2x.png in Resources */ = {isa = PBXBuildFile; fileRef = 9185EE23172211B90014CC63 /* envelope@2x.png */; };
		9185EE2C172211B90014CC63 /* chat.png in Resources */ = {isa = PBXBuildFile; fileRef = 9185EE24172211B90014CC63 /* chat.png */; };
		9185EE2D172211B90014CC63 /* chat@2x.png in Resources */ = {isa = PBXBuildFile; fileRef = 9185EE25172211B90014CC63 /* chat@2x.png */; };
		9185EE2E172211B90014CC63 /* twitterbird.png in Resources */ = {isa = PBXBuildFile; fileRef = 9185EE26172211B90014CC63 /* twitterbird.png */; };
		9185EE2F172211B90014CC63 /* twitterbird@2x.png in Resources */ = {isa = PBXBuildFile; fileRef = 9185EE27172211B90014CC63 /* twitterbird@2x.png */; };
		9185EE30172211B90014CC63 /* facebook.png in Resources */ = {isa = PBXBuildFile; fileRef = 9185EE28172211B90014CC63 /* facebook.png */; };
		9185EE31172211B90014CC63 /* facebook@2x.png in Resources */ = {isa = PBXBuildFile; fileRef = 9185EE29172211B90014CC63 /* facebook@2x.png */; };
		9185EE34172212A00014CC63 /* at.png in Resources */ = {isa = PBXBuildFile; fileRef = 9185EE32172212A00014CC63 /* at.png */; };
		9185EE35172212A00014CC63 /* at@2x.png in Resources */ = {isa = PBXBuildFile; fileRef = 9185EE33172212A00014CC63 /* at@2x.png */; };
		9185EE40172215BA0014CC63 /* newspaper.png in Resources */ = {isa = PBXBuildFile; fileRef = 9185EE3E172215BA0014CC63 /* newspaper.png */; };
		9185EE41172215BA0014CC63 /* newspaper@2x.png in Resources */ = {isa = PBXBuildFile; fileRef = 9185EE3F172215BA0014CC63 /* newspaper@2x.png */; };
		9185EE441722160C0014CC63 /* box.png in Resources */ = {isa = PBXBuildFile; fileRef = 9185EE421722160C0014CC63 /* box.png */; };
		9185EE451722160C0014CC63 /* box@2x.png in Resources */ = {isa = PBXBuildFile; fileRef = 9185EE431722160C0014CC63 /* box@2x.png */; };
		9185EE48172216B50014CC63 /* stats.png in Resources */ = {isa = PBXBuildFile; fileRef = 9185EE46172216B40014CC63 /* stats.png */; };
		9185EE49172216B50014CC63 /* stats@2x.png in Resources */ = {isa = PBXBuildFile; fileRef = 9185EE47172216B50014CC63 /* stats@2x.png */; };
		9185EE4C1722171F0014CC63 /* notepad.png in Resources */ = {isa = PBXBuildFile; fileRef = 9185EE4A1722171F0014CC63 /* notepad.png */; };
		9185EE4D1722171F0014CC63 /* notepad@2x.png in Resources */ = {isa = PBXBuildFile; fileRef = 9185EE4B1722171F0014CC63 /* notepad@2x.png */; };
		9185EE511722177B0014CC63 /* list.png in Resources */ = {isa = PBXBuildFile; fileRef = 9185EE4F172217790014CC63 /* list.png */; };
		9185EE521722177B0014CC63 /* list@2x.png in Resources */ = {isa = PBXBuildFile; fileRef = 9185EE501722177A0014CC63 /* list@2x.png */; };
		91B318FD1722C32B00EA2D86 /* back.png in Resources */ = {isa = PBXBuildFile; fileRef = 91B318F91722C32B00EA2D86 /* back.png */; };
		91B318FE1722C32B00EA2D86 /* back@2x.png in Resources */ = {isa = PBXBuildFile; fileRef = 91B318FA1722C32B00EA2D86 /* back@2x.png */; };
		91B318FF1722C32B00EA2D86 /* forward.png in Resources */ = {isa = PBXBuildFile; fileRef = 91B318FB1722C32B00EA2D86 /* forward.png */; };
		91B319001722C32B00EA2D86 /* forward@2x.png in Resources */ = {isa = PBXBuildFile; fileRef = 91B318FC1722C32B00EA2D86 /* forward@2x.png */; };
		91C196181718990E00FD570E /* CPGEView.m in Sources */ = {isa = PBXBuildFile; fileRef = 91C196171718990E00FD570E /* CPGEView.m */; };
		91C1961A171899B800FD570E /* CPGEView.xib in Resources */ = {isa = PBXBuildFile; fileRef = 91C19619171899B800FD570E /* CPGEView.xib */; };
		91EDB45517234B5500677799 /* spiderweb.png in Resources */ = {isa = PBXBuildFile; fileRef = 91EDB45317234B5500677799 /* spiderweb.png */; };
		91EDB45617234B5500677799 /* spiderweb@2x.png in Resources */ = {isa = PBXBuildFile; fileRef = 91EDB45417234B5500677799 /* spiderweb@2x.png */; };
/* End PBXBuildFile section */

/* Begin PBXFileReference section */
		3F04F5FB167F25BC009EF9DB /* CommentsViewController.h */ = {isa = PBXFileReference; fileEncoding = 4; lastKnownFileType = sourcecode.c.h; path = CommentsViewController.h; sourceTree = "<group>"; };
		3F04F5FC167F25BC009EF9DB /* CommentsViewController.m */ = {isa = PBXFileReference; fileEncoding = 4; lastKnownFileType = sourcecode.c.objc; path = CommentsViewController.m; sourceTree = "<group>"; };
		3F07EDE41721FCF0003ACDEC /* AuthorIconMini.png */ = {isa = PBXFileReference; lastKnownFileType = image.png; path = AuthorIconMini.png; sourceTree = "<group>"; };
		3F07EDE51721FCF0003ACDEC /* AuthorIconMini@2x.png */ = {isa = PBXFileReference; lastKnownFileType = image.png; path = "AuthorIconMini@2x.png"; sourceTree = "<group>"; };
		3F07EDE61721FCF0003ACDEC /* CommentIconMini.png */ = {isa = PBXFileReference; lastKnownFileType = image.png; path = CommentIconMini.png; sourceTree = "<group>"; };
		3F07EDE71721FCF0003ACDEC /* CommentIconMini@2x.png */ = {isa = PBXFileReference; lastKnownFileType = image.png; path = "CommentIconMini@2x.png"; sourceTree = "<group>"; };
		3F07EDE81721FCF0003ACDEC /* DateIconMini.png */ = {isa = PBXFileReference; lastKnownFileType = image.png; path = DateIconMini.png; sourceTree = "<group>"; };
		3F07EDE91721FCF0003ACDEC /* DateIconMini@2x.png */ = {isa = PBXFileReference; lastKnownFileType = image.png; path = "DateIconMini@2x.png"; sourceTree = "<group>"; };
		3F07EDEA1721FCF0003ACDEC /* SizeIconMini.png */ = {isa = PBXFileReference; lastKnownFileType = image.png; path = SizeIconMini.png; sourceTree = "<group>"; };
		3F07EDEB1721FCF0003ACDEC /* SizeIconMini@2x.png */ = {isa = PBXFileReference; lastKnownFileType = image.png; path = "SizeIconMini@2x.png"; sourceTree = "<group>"; };
		3F196E2F16C42A4C00201FAC /* CentraleSupelec.png */ = {isa = PBXFileReference; lastKnownFileType = image.png; path = CentraleSupelec.png; sourceTree = "<group>"; };
		3F196E3116C42C8B00201FAC /* FenteLeft.png */ = {isa = PBXFileReference; lastKnownFileType = image.png; path = FenteLeft.png; sourceTree = "<group>"; };
		3F196E3216C42C8B00201FAC /* FenteRight.png */ = {isa = PBXFileReference; lastKnownFileType = image.png; path = FenteRight.png; sourceTree = "<group>"; };
		3F1D769B16C819F900020FDC /* sectionCCP.png */ = {isa = PBXFileReference; lastKnownFileType = image.png; path = sectionCCP.png; sourceTree = "<group>"; };
		3F1D769C16C819FA00020FDC /* sectionCCP@2x.png */ = {isa = PBXFileReference; lastKnownFileType = image.png; path = "sectionCCP@2x.png"; sourceTree = "<group>"; };
		3F45810016C00F310017BD9A /* NewsCell.h */ = {isa = PBXFileReference; fileEncoding = 4; lastKnownFileType = sourcecode.c.h; path = NewsCell.h; sourceTree = "<group>"; };
		3F45810116C00F320017BD9A /* NewsCell.m */ = {isa = PBXFileReference; fileEncoding = 4; lastKnownFileType = sourcecode.c.objc; path = NewsCell.m; sourceTree = "<group>"; };
		3F47442616C846500005CE67 /* FileCell.h */ = {isa = PBXFileReference; fileEncoding = 4; lastKnownFileType = sourcecode.c.h; path = FileCell.h; sourceTree = "<group>"; };
		3F47442716C846500005CE67 /* FileCell.m */ = {isa = PBXFileReference; fileEncoding = 4; lastKnownFileType = sourcecode.c.objc; path = FileCell.m; sourceTree = "<group>"; };
		3F5DBC2E1722AA3900F503B2 /* HeaderCentraleSupelec@2x.png */ = {isa = PBXFileReference; lastKnownFileType = image.png; path = "HeaderCentraleSupelec@2x.png"; sourceTree = "<group>"; };
		3F7BCE0C16C1BDB50084ACFD /* EpreuveCell.h */ = {isa = PBXFileReference; fileEncoding = 4; lastKnownFileType = sourcecode.c.h; path = EpreuveCell.h; sourceTree = "<group>"; };
		3F7BCE0D16C1BDB50084ACFD /* EpreuveCell.m */ = {isa = PBXFileReference; fileEncoding = 4; lastKnownFileType = sourcecode.c.objc; path = EpreuveCell.m; sourceTree = "<group>"; };
		3F7BCE0F16C1C6370084ACFD /* ConcoursCell.h */ = {isa = PBXFileReference; fileEncoding = 4; lastKnownFileType = sourcecode.c.h; path = ConcoursCell.h; sourceTree = "<group>"; };
		3F7BCE1016C1C6370084ACFD /* ConcoursCell.m */ = {isa = PBXFileReference; fileEncoding = 4; lastKnownFileType = sourcecode.c.objc; path = ConcoursCell.m; sourceTree = "<group>"; };
		3FEBFCD516C46393007ABD8E /* ViewerViewController.h */ = {isa = PBXFileReference; fileEncoding = 4; lastKnownFileType = sourcecode.c.h; path = ViewerViewController.h; sourceTree = "<group>"; };
		3FEBFCD616C46393007ABD8E /* ViewerViewController.m */ = {isa = PBXFileReference; fileEncoding = 4; lastKnownFileType = sourcecode.c.objc; path = ViewerViewController.m; sourceTree = "<group>"; };
		3FF0B44E16C6949D00E07D0E /* FileManagerViewController.h */ = {isa = PBXFileReference; fileEncoding = 4; lastKnownFileType = sourcecode.c.h; path = FileManagerViewController.h; sourceTree = "<group>"; };
		3FF0B44F16C6949D00E07D0E /* FileManagerViewController.m */ = {isa = PBXFileReference; fileEncoding = 4; lastKnownFileType = sourcecode.c.objc; path = FileManagerViewController.m; sourceTree = "<group>"; };
		3FFA184B16C02B8000D6E085 /* NewsBackground.png */ = {isa = PBXFileReference; lastKnownFileType = image.png; path = NewsBackground.png; sourceTree = "<group>"; };
		3FFA184C16C02B8000D6E085 /* NewsBackgroundHighlighted.png */ = {isa = PBXFileReference; lastKnownFileType = image.png; path = NewsBackgroundHighlighted.png; sourceTree = "<group>"; };
		9127A142167D36FD00D1EB09 /* SetC : SujetsetCorriges.app */ = {isa = PBXFileReference; explicitFileType = wrapper.application; includeInIndex = 0; path = "SetC : SujetsetCorriges.app"; sourceTree = BUILT_PRODUCTS_DIR; };
		9127A146167D36FD00D1EB09 /* UIKit.framework */ = {isa = PBXFileReference; lastKnownFileType = wrapper.framework; name = UIKit.framework; path = System/Library/Frameworks/UIKit.framework; sourceTree = SDKROOT; };
		9127A148167D36FD00D1EB09 /* Foundation.framework */ = {isa = PBXFileReference; lastKnownFileType = wrapper.framework; name = Foundation.framework; path = System/Library/Frameworks/Foundation.framework; sourceTree = SDKROOT; };
		9127A14A167D36FD00D1EB09 /* CoreGraphics.framework */ = {isa = PBXFileReference; lastKnownFileType = wrapper.framework; name = CoreGraphics.framework; path = System/Library/Frameworks/CoreGraphics.framework; sourceTree = SDKROOT; };
		9127A14E167D36FD00D1EB09 /* SetC : SujetsetCorriges-Info.plist */ = {isa = PBXFileReference; lastKnownFileType = text.plist.xml; path = "SetC : SujetsetCorriges-Info.plist"; sourceTree = "<group>"; };
		9127A150167D36FD00D1EB09 /* en */ = {isa = PBXFileReference; lastKnownFileType = text.plist.strings; name = en; path = en.lproj/InfoPlist.strings; sourceTree = "<group>"; };
		9127A152167D36FD00D1EB09 /* main.m */ = {isa = PBXFileReference; lastKnownFileType = sourcecode.c.objc; path = main.m; sourceTree = "<group>"; };
		9127A154167D36FD00D1EB09 /* SetC : SujetsetCorriges-Prefix.pch */ = {isa = PBXFileReference; lastKnownFileType = sourcecode.c.h; path = "SetC : SujetsetCorriges-Prefix.pch"; sourceTree = "<group>"; };
		9127A155167D36FD00D1EB09 /* AppDelegate.h */ = {isa = PBXFileReference; lastKnownFileType = sourcecode.c.h; path = AppDelegate.h; sourceTree = "<group>"; };
		9127A156167D36FD00D1EB09 /* AppDelegate.m */ = {isa = PBXFileReference; lastKnownFileType = sourcecode.c.objc; path = AppDelegate.m; sourceTree = "<group>"; };
		9127A158167D36FD00D1EB09 /* Default.png */ = {isa = PBXFileReference; lastKnownFileType = image.png; path = Default.png; sourceTree = "<group>"; };
		9127A15A167D36FD00D1EB09 /* Default@2x.png */ = {isa = PBXFileReference; lastKnownFileType = image.png; path = "Default@2x.png"; sourceTree = "<group>"; };
		9127A15C167D36FD00D1EB09 /* Default-568h@2x.png */ = {isa = PBXFileReference; lastKnownFileType = image.png; path = "Default-568h@2x.png"; sourceTree = "<group>"; };
		9127A15F167D36FD00D1EB09 /* en */ = {isa = PBXFileReference; lastKnownFileType = file.storyboard; name = en; path = en.lproj/MainStoryboard_iPhone.storyboard; sourceTree = "<group>"; };
		9127A162167D36FD00D1EB09 /* en */ = {isa = PBXFileReference; lastKnownFileType = file.storyboard; name = en; path = en.lproj/MainStoryboard_iPad.storyboard; sourceTree = "<group>"; };
		9127A164167D36FD00D1EB09 /* ActuViewController.h */ = {isa = PBXFileReference; lastKnownFileType = sourcecode.c.h; path = ActuViewController.h; sourceTree = "<group>"; };
		9127A165167D36FD00D1EB09 /* ActuViewController.m */ = {isa = PBXFileReference; lastKnownFileType = sourcecode.c.objc; path = ActuViewController.m; sourceTree = "<group>"; };
		9127A16B167D36FD00D1EB09 /* SujetsCorrigesViewController.h */ = {isa = PBXFileReference; lastKnownFileType = sourcecode.c.h; path = SujetsCorrigesViewController.h; sourceTree = "<group>"; };
		9127A16C167D36FD00D1EB09 /* SujetsCorrigesViewController.m */ = {isa = PBXFileReference; lastKnownFileType = sourcecode.c.objc; path = SujetsCorrigesViewController.m; sourceTree = "<group>"; };
		9127A17B167D378F00D1EB09 /* ECSlidingViewController.h */ = {isa = PBXFileReference; fileEncoding = 4; lastKnownFileType = sourcecode.c.h; path = ECSlidingViewController.h; sourceTree = "<group>"; };
		9127A17C167D378F00D1EB09 /* ECSlidingViewController.m */ = {isa = PBXFileReference; fileEncoding = 4; lastKnownFileType = sourcecode.c.objc; path = ECSlidingViewController.m; sourceTree = "<group>"; };
		9127A17D167D378F00D1EB09 /* UIImage+ImageWithUIView.h */ = {isa = PBXFileReference; fileEncoding = 4; lastKnownFileType = sourcecode.c.h; path = "UIImage+ImageWithUIView.h"; sourceTree = "<group>"; };
		9127A17E167D378F00D1EB09 /* UIImage+ImageWithUIView.m */ = {isa = PBXFileReference; fileEncoding = 4; lastKnownFileType = sourcecode.c.objc; path = "UIImage+ImageWithUIView.m"; sourceTree = "<group>"; };
		9127A187167D397600D1EB09 /* ActuListViewController.h */ = {isa = PBXFileReference; fileEncoding = 4; lastKnownFileType = sourcecode.c.h; path = ActuListViewController.h; sourceTree = "<group>"; };
		9127A188167D397600D1EB09 /* ActuListViewController.m */ = {isa = PBXFileReference; fileEncoding = 4; lastKnownFileType = sourcecode.c.objc; path = ActuListViewController.m; sourceTree = "<group>"; };
		9127A18B167D39D700D1EB09 /* XMLParser.h */ = {isa = PBXFileReference; fileEncoding = 4; lastKnownFileType = sourcecode.c.h; path = XMLParser.h; sourceTree = "<group>"; };
		9127A18C167D39D700D1EB09 /* XMLParser.m */ = {isa = PBXFileReference; fileEncoding = 4; lastKnownFileType = sourcecode.c.objc; path = XMLParser.m; sourceTree = "<group>"; };
		9127A18F167D39F000D1EB09 /* arrow.png */ = {isa = PBXFileReference; lastKnownFileType = image.png; path = arrow.png; sourceTree = "<group>"; };
		9127A190167D39F000D1EB09 /* arrow@2x.png */ = {isa = PBXFileReference; lastKnownFileType = image.png; path = "arrow@2x.png"; sourceTree = "<group>"; };
		9127A191167D39F000D1EB09 /* PullToRefreshView.h */ = {isa = PBXFileReference; fileEncoding = 4; lastKnownFileType = sourcecode.c.h; path = PullToRefreshView.h; sourceTree = "<group>"; };
		9127A192167D39F000D1EB09 /* PullToRefreshView.m */ = {isa = PBXFileReference; fileEncoding = 4; lastKnownFileType = sourcecode.c.objc; path = PullToRefreshView.m; sourceTree = "<group>"; };
		9127A19A167D3C2900D1EB09 /* QuartzCore.framework */ = {isa = PBXFileReference; lastKnownFileType = wrapper.framework; name = QuartzCore.framework; path = System/Library/Frameworks/QuartzCore.framework; sourceTree = SDKROOT; };
		9127A19C167D3F6100D1EB09 /* ActuDetailsViewController.h */ = {isa = PBXFileReference; fileEncoding = 4; lastKnownFileType = sourcecode.c.h; path = ActuDetailsViewController.h; sourceTree = "<group>"; };
		9127A19D167D3F6100D1EB09 /* ActuDetailsViewController.m */ = {isa = PBXFileReference; fileEncoding = 4; lastKnownFileType = sourcecode.c.objc; path = ActuDetailsViewController.m; sourceTree = "<group>"; };
		9127A19F167D42D700D1EB09 /* ActuPartageViewController.h */ = {isa = PBXFileReference; fileEncoding = 4; lastKnownFileType = sourcecode.c.h; path = ActuPartageViewController.h; sourceTree = "<group>"; };
		9127A1A0167D42D800D1EB09 /* ActuPartageViewController.m */ = {isa = PBXFileReference; fileEncoding = 4; lastKnownFileType = sourcecode.c.objc; path = ActuPartageViewController.m; sourceTree = "<group>"; };
		9127A1A7167D479400D1EB09 /* SujetsCorrigesPageViewController.h */ = {isa = PBXFileReference; fileEncoding = 4; lastKnownFileType = sourcecode.c.h; path = SujetsCorrigesPageViewController.h; sourceTree = "<group>"; };
		9127A1A8167D479400D1EB09 /* SujetsCorrigesPageViewController.m */ = {isa = PBXFileReference; fileEncoding = 4; lastKnownFileType = sourcecode.c.objc; path = SujetsCorrigesPageViewController.m; sourceTree = "<group>"; };
		9127A1AB167D483700D1EB09 /* ASIAuthenticationDialog.h */ = {isa = PBXFileReference; fileEncoding = 4; lastKnownFileType = sourcecode.c.h; path = ASIAuthenticationDialog.h; sourceTree = "<group>"; };
		9127A1AC167D483700D1EB09 /* ASIAuthenticationDialog.m */ = {isa = PBXFileReference; fileEncoding = 4; lastKnownFileType = sourcecode.c.objc; path = ASIAuthenticationDialog.m; sourceTree = "<group>"; };
		9127A1AD167D483700D1EB09 /* ASICacheDelegate.h */ = {isa = PBXFileReference; fileEncoding = 4; lastKnownFileType = sourcecode.c.h; path = ASICacheDelegate.h; sourceTree = "<group>"; };
		9127A1AE167D483700D1EB09 /* ASIDataCompressor.h */ = {isa = PBXFileReference; fileEncoding = 4; lastKnownFileType = sourcecode.c.h; path = ASIDataCompressor.h; sourceTree = "<group>"; };
		9127A1AF167D483700D1EB09 /* ASIDataCompressor.m */ = {isa = PBXFileReference; fileEncoding = 4; lastKnownFileType = sourcecode.c.objc; path = ASIDataCompressor.m; sourceTree = "<group>"; };
		9127A1B0167D483700D1EB09 /* ASIDataDecompressor.h */ = {isa = PBXFileReference; fileEncoding = 4; lastKnownFileType = sourcecode.c.h; path = ASIDataDecompressor.h; sourceTree = "<group>"; };
		9127A1B1167D483700D1EB09 /* ASIDataDecompressor.m */ = {isa = PBXFileReference; fileEncoding = 4; lastKnownFileType = sourcecode.c.objc; path = ASIDataDecompressor.m; sourceTree = "<group>"; };
		9127A1B2167D483700D1EB09 /* ASIDownloadCache.h */ = {isa = PBXFileReference; fileEncoding = 4; lastKnownFileType = sourcecode.c.h; path = ASIDownloadCache.h; sourceTree = "<group>"; };
		9127A1B3167D483700D1EB09 /* ASIDownloadCache.m */ = {isa = PBXFileReference; fileEncoding = 4; lastKnownFileType = sourcecode.c.objc; path = ASIDownloadCache.m; sourceTree = "<group>"; };
		9127A1B4167D483700D1EB09 /* ASIFormDataRequest.h */ = {isa = PBXFileReference; fileEncoding = 4; lastKnownFileType = sourcecode.c.h; path = ASIFormDataRequest.h; sourceTree = "<group>"; };
		9127A1B5167D483700D1EB09 /* ASIFormDataRequest.m */ = {isa = PBXFileReference; fileEncoding = 4; lastKnownFileType = sourcecode.c.objc; path = ASIFormDataRequest.m; sourceTree = "<group>"; };
		9127A1B6167D483700D1EB09 /* ASIHTTPRequest.h */ = {isa = PBXFileReference; fileEncoding = 4; lastKnownFileType = sourcecode.c.h; path = ASIHTTPRequest.h; sourceTree = "<group>"; };
		9127A1B7167D483700D1EB09 /* ASIHTTPRequest.m */ = {isa = PBXFileReference; fileEncoding = 4; lastKnownFileType = sourcecode.c.objc; path = ASIHTTPRequest.m; sourceTree = "<group>"; };
		9127A1B8167D483700D1EB09 /* ASIHTTPRequestConfig.h */ = {isa = PBXFileReference; fileEncoding = 4; lastKnownFileType = sourcecode.c.h; path = ASIHTTPRequestConfig.h; sourceTree = "<group>"; };
		9127A1B9167D483700D1EB09 /* ASIHTTPRequestDelegate.h */ = {isa = PBXFileReference; fileEncoding = 4; lastKnownFileType = sourcecode.c.h; path = ASIHTTPRequestDelegate.h; sourceTree = "<group>"; };
		9127A1BA167D483700D1EB09 /* ASIInputStream.h */ = {isa = PBXFileReference; fileEncoding = 4; lastKnownFileType = sourcecode.c.h; path = ASIInputStream.h; sourceTree = "<group>"; };
		9127A1BB167D483700D1EB09 /* ASIInputStream.m */ = {isa = PBXFileReference; fileEncoding = 4; lastKnownFileType = sourcecode.c.objc; path = ASIInputStream.m; sourceTree = "<group>"; };
		9127A1BC167D483700D1EB09 /* ASINetworkQueue.h */ = {isa = PBXFileReference; fileEncoding = 4; lastKnownFileType = sourcecode.c.h; path = ASINetworkQueue.h; sourceTree = "<group>"; };
		9127A1BD167D483700D1EB09 /* ASINetworkQueue.m */ = {isa = PBXFileReference; fileEncoding = 4; lastKnownFileType = sourcecode.c.objc; path = ASINetworkQueue.m; sourceTree = "<group>"; };
		9127A1BE167D483700D1EB09 /* ASIProgressDelegate.h */ = {isa = PBXFileReference; fileEncoding = 4; lastKnownFileType = sourcecode.c.h; path = ASIProgressDelegate.h; sourceTree = "<group>"; };
		9127A1C8167D485800D1EB09 /* Reachability.h */ = {isa = PBXFileReference; fileEncoding = 4; lastKnownFileType = sourcecode.c.h; path = Reachability.h; sourceTree = "<group>"; };
		9127A1C9167D485800D1EB09 /* Reachability.m */ = {isa = PBXFileReference; fileEncoding = 4; lastKnownFileType = sourcecode.c.objc; path = Reachability.m; sourceTree = "<group>"; };
		9127A1CB167D488C00D1EB09 /* CFNetwork.framework */ = {isa = PBXFileReference; lastKnownFileType = wrapper.framework; name = CFNetwork.framework; path = System/Library/Frameworks/CFNetwork.framework; sourceTree = SDKROOT; };
		9127A1CD167D489300D1EB09 /* SystemConfiguration.framework */ = {isa = PBXFileReference; lastKnownFileType = wrapper.framework; name = SystemConfiguration.framework; path = System/Library/Frameworks/SystemConfiguration.framework; sourceTree = SDKROOT; };
		9127A1CF167D489900D1EB09 /* MobileCoreServices.framework */ = {isa = PBXFileReference; lastKnownFileType = wrapper.framework; name = MobileCoreServices.framework; path = System/Library/Frameworks/MobileCoreServices.framework; sourceTree = SDKROOT; };
		9127A1D1167D48A000D1EB09 /* libz.dylib */ = {isa = PBXFileReference; lastKnownFileType = "compiled.mach-o.dylib"; name = libz.dylib; path = usr/lib/libz.dylib; sourceTree = SDKROOT; };
		9127A1D3167D494E00D1EB09 /* SujetsCorrigesListViewController.h */ = {isa = PBXFileReference; fileEncoding = 4; lastKnownFileType = sourcecode.c.h; path = SujetsCorrigesListViewController.h; sourceTree = "<group>"; };
		9127A1D4167D494E00D1EB09 /* SujetsCorrigesListViewController.m */ = {isa = PBXFileReference; fileEncoding = 4; lastKnownFileType = sourcecode.c.objc; path = SujetsCorrigesListViewController.m; sourceTree = "<group>"; };
		9127A1D6167D4BBE00D1EB09 /* ConcoursListViewController.h */ = {isa = PBXFileReference; fileEncoding = 4; lastKnownFileType = sourcecode.c.h; path = ConcoursListViewController.h; sourceTree = "<group>"; };
		9127A1D7167D4BBE00D1EB09 /* ConcoursListViewController.m */ = {isa = PBXFileReference; fileEncoding = 4; lastKnownFileType = sourcecode.c.objc; path = ConcoursListViewController.m; sourceTree = "<group>"; };
		9127A1D9167D4D7300D1EB09 /* VariableStore.h */ = {isa = PBXFileReference; fileEncoding = 4; lastKnownFileType = sourcecode.c.h; path = VariableStore.h; sourceTree = "<group>"; };
		9127A1DA167D4D7300D1EB09 /* VariableStore.m */ = {isa = PBXFileReference; fileEncoding = 4; lastKnownFileType = sourcecode.c.objc; path = VariableStore.m; sourceTree = "<group>"; };
		9127A1F1167DEDB400D1EB09 /* SujetsCorrigesDetailsViewController.h */ = {isa = PBXFileReference; fileEncoding = 4; lastKnownFileType = sourcecode.c.h; path = SujetsCorrigesDetailsViewController.h; sourceTree = "<group>"; };
		9127A1F2167DEDB400D1EB09 /* SujetsCorrigesDetailsViewController.m */ = {isa = PBXFileReference; fileEncoding = 4; lastKnownFileType = sourcecode.c.objc; path = SujetsCorrigesDetailsViewController.m; sourceTree = "<group>"; };
		9127A1F5167DF76D00D1EB09 /* Social.framework */ = {isa = PBXFileReference; lastKnownFileType = wrapper.framework; name = Social.framework; path = System/Library/Frameworks/Social.framework; sourceTree = SDKROOT; };
		9127A1F7167DF77400D1EB09 /* Twitter.framework */ = {isa = PBXFileReference; lastKnownFileType = wrapper.framework; name = Twitter.framework; path = System/Library/Frameworks/Twitter.framework; sourceTree = SDKROOT; };
		9127A1F9167DF80700D1EB09 /* ActuVariableStore.h */ = {isa = PBXFileReference; fileEncoding = 4; lastKnownFileType = sourcecode.c.h; path = ActuVariableStore.h; sourceTree = "<group>"; };
		9127A1FA167DF80700D1EB09 /* ActuVariableStore.m */ = {isa = PBXFileReference; fileEncoding = 4; lastKnownFileType = sourcecode.c.objc; path = ActuVariableStore.m; sourceTree = "<group>"; };
		9127A1FD167DFF8100D1EB09 /* SimuListViewController.h */ = {isa = PBXFileReference; fileEncoding = 4; lastKnownFileType = sourcecode.c.h; path = SimuListViewController.h; sourceTree = "<group>"; };
		9127A1FE167DFF8100D1EB09 /* SimuListViewController.m */ = {isa = PBXFileReference; fileEncoding = 4; lastKnownFileType = sourcecode.c.objc; path = SimuListViewController.m; sourceTree = "<group>"; };
		9127A20B167E070300D1EB09 /* Icone57.png */ = {isa = PBXFileReference; lastKnownFileType = image.png; name = Icone57.png; path = ../Icone57.png; sourceTree = "<group>"; };
		9127A20D167E071300D1EB09 /* Icone114.png */ = {isa = PBXFileReference; lastKnownFileType = image.png; name = Icone114.png; path = ../Icone114.png; sourceTree = "<group>"; };
		9127A20F167E072000D1EB09 /* Default.png */ = {isa = PBXFileReference; lastKnownFileType = image.png; name = Default.png; path = ../Default.png; sourceTree = "<group>"; };
		9127A211167E072800D1EB09 /* Default@2x.png */ = {isa = PBXFileReference; lastKnownFileType = image.png; name = "Default@2x.png"; path = "../Default@2x.png"; sourceTree = "<group>"; };
		9127A213167E072F00D1EB09 /* Default-568h@2x.png */ = {isa = PBXFileReference; lastKnownFileType = image.png; name = "Default-568h@2x.png"; path = "../Default-568h@2x.png"; sourceTree = "<group>"; };
		9127A215167E076100D1EB09 /* Baccalaureat.png */ = {isa = PBXFileReference; lastKnownFileType = image.png; path = Baccalaureat.png; sourceTree = "<group>"; };
		9127A216167E076100D1EB09 /* Baccalaureat@2x.png */ = {isa = PBXFileReference; lastKnownFileType = image.png; path = "Baccalaureat@2x.png"; sourceTree = "<group>"; };
		9127A217167E076100D1EB09 /* Mines-Ponts.png */ = {isa = PBXFileReference; lastKnownFileType = image.png; path = "Mines-Ponts.png"; sourceTree = "<group>"; };
		9127A218167E076100D1EB09 /* Centrale-Supelec.png */ = {isa = PBXFileReference; lastKnownFileType = image.png; path = "Centrale-Supelec.png"; sourceTree = "<group>"; };
		9127A219167E076100D1EB09 /* Banque PT.png */ = {isa = PBXFileReference; lastKnownFileType = image.png; path = "Banque PT.png"; sourceTree = "<group>"; };
		9127A21A167E076100D1EB09 /* CCP.png */ = {isa = PBXFileReference; lastKnownFileType = image.png; path = CCP.png; sourceTree = "<group>"; };
		9127A21B167E076100D1EB09 /* Centrale-Supelec@2x.png */ = {isa = PBXFileReference; lastKnownFileType = image.png; path = "Centrale-Supelec@2x.png"; sourceTree = "<group>"; };
		9127A21C167E076100D1EB09 /* Banque PT@2x.png */ = {isa = PBXFileReference; lastKnownFileType = image.png; path = "Banque PT@2x.png"; sourceTree = "<group>"; };
		9127A21D167E076100D1EB09 /* Mines-Ponts@2x.png */ = {isa = PBXFileReference; lastKnownFileType = image.png; path = "Mines-Ponts@2x.png"; sourceTree = "<group>"; };
		9127A21E167E076100D1EB09 /* CCP@2x.png */ = {isa = PBXFileReference; lastKnownFileType = image.png; path = "CCP@2x.png"; sourceTree = "<group>"; };
		916692531722BB7F00C6C014 /* MBProgressHUD.h */ = {isa = PBXFileReference; fileEncoding = 4; lastKnownFileType = sourcecode.c.h; path = MBProgressHUD.h; sourceTree = "<group>"; };
		916692541722BB7F00C6C014 /* MBProgressHUD.m */ = {isa = PBXFileReference; fileEncoding = 4; lastKnownFileType = sourcecode.c.objc; path = MBProgressHUD.m; sourceTree = "<group>"; };
		9185EE22172211B90014CC63 /* envelope.png */ = {isa = PBXFileReference; lastKnownFileType = image.png; path = envelope.png; sourceTree = "<group>"; };
		9185EE23172211B90014CC63 /* envelope@2x.png */ = {isa = PBXFileReference; lastKnownFileType = image.png; path = "envelope@2x.png"; sourceTree = "<group>"; };
		9185EE24172211B90014CC63 /* chat.png */ = {isa = PBXFileReference; lastKnownFileType = image.png; path = chat.png; sourceTree = "<group>"; };
		9185EE25172211B90014CC63 /* chat@2x.png */ = {isa = PBXFileReference; lastKnownFileType = image.png; path = "chat@2x.png"; sourceTree = "<group>"; };
		9185EE26172211B90014CC63 /* twitterbird.png */ = {isa = PBXFileReference; lastKnownFileType = image.png; path = twitterbird.png; sourceTree = "<group>"; };
		9185EE27172211B90014CC63 /* twitterbird@2x.png */ = {isa = PBXFileReference; lastKnownFileType = image.png; path = "twitterbird@2x.png"; sourceTree = "<group>"; };
		9185EE28172211B90014CC63 /* facebook.png */ = {isa = PBXFileReference; lastKnownFileType = image.png; path = facebook.png; sourceTree = "<group>"; };
		9185EE29172211B90014CC63 /* facebook@2x.png */ = {isa = PBXFileReference; lastKnownFileType = image.png; path = "facebook@2x.png"; sourceTree = "<group>"; };
		9185EE32172212A00014CC63 /* at.png */ = {isa = PBXFileReference; lastKnownFileType = image.png; path = at.png; sourceTree = "<group>"; };
		9185EE33172212A00014CC63 /* at@2x.png */ = {isa = PBXFileReference; lastKnownFileType = image.png; path = "at@2x.png"; sourceTree = "<group>"; };
		9185EE3E172215BA0014CC63 /* newspaper.png */ = {isa = PBXFileReference; lastKnownFileType = image.png; path = newspaper.png; sourceTree = "<group>"; };
		9185EE3F172215BA0014CC63 /* newspaper@2x.png */ = {isa = PBXFileReference; lastKnownFileType = image.png; path = "newspaper@2x.png"; sourceTree = "<group>"; };
		9185EE421722160C0014CC63 /* box.png */ = {isa = PBXFileReference; lastKnownFileType = image.png; path = box.png; sourceTree = "<group>"; };
		9185EE431722160C0014CC63 /* box@2x.png */ = {isa = PBXFileReference; lastKnownFileType = image.png; path = "box@2x.png"; sourceTree = "<group>"; };
		9185EE46172216B40014CC63 /* stats.png */ = {isa = PBXFileReference; lastKnownFileType = image.png; path = stats.png; sourceTree = "<group>"; };
		9185EE47172216B50014CC63 /* stats@2x.png */ = {isa = PBXFileReference; lastKnownFileType = image.png; path = "stats@2x.png"; sourceTree = "<group>"; };
		9185EE4A1722171F0014CC63 /* notepad.png */ = {isa = PBXFileReference; lastKnownFileType = image.png; path = notepad.png; sourceTree = "<group>"; };
		9185EE4B1722171F0014CC63 /* notepad@2x.png */ = {isa = PBXFileReference; lastKnownFileType = image.png; path = "notepad@2x.png"; sourceTree = "<group>"; };
		9185EE4F172217790014CC63 /* list.png */ = {isa = PBXFileReference; lastKnownFileType = image.png; path = list.png; sourceTree = "<group>"; };
		9185EE501722177A0014CC63 /* list@2x.png */ = {isa = PBXFileReference; lastKnownFileType = image.png; path = "list@2x.png"; sourceTree = "<group>"; };
		91B318F91722C32B00EA2D86 /* back.png */ = {isa = PBXFileReference; lastKnownFileType = image.png; path = back.png; sourceTree = "<group>"; };
		91B318FA1722C32B00EA2D86 /* back@2x.png */ = {isa = PBXFileReference; lastKnownFileType = image.png; path = "back@2x.png"; sourceTree = "<group>"; };
		91B318FB1722C32B00EA2D86 /* forward.png */ = {isa = PBXFileReference; lastKnownFileType = image.png; path = forward.png; sourceTree = "<group>"; };
		91B318FC1722C32B00EA2D86 /* forward@2x.png */ = {isa = PBXFileReference; lastKnownFileType = image.png; path = "forward@2x.png"; sourceTree = "<group>"; };
		91C196161718990E00FD570E /* CPGEView.h */ = {isa = PBXFileReference; fileEncoding = 4; lastKnownFileType = sourcecode.c.h; path = CPGEView.h; sourceTree = "<group>"; };
		91C196171718990E00FD570E /* CPGEView.m */ = {isa = PBXFileReference; fileEncoding = 4; lastKnownFileType = sourcecode.c.objc; path = CPGEView.m; sourceTree = "<group>"; };
		91C19619171899B800FD570E /* CPGEView.xib */ = {isa = PBXFileReference; fileEncoding = 4; lastKnownFileType = file.xib; path = CPGEView.xib; sourceTree = "<group>"; };
		91EDB45317234B5500677799 /* spiderweb.png */ = {isa = PBXFileReference; lastKnownFileType = image.png; path = spiderweb.png; sourceTree = "<group>"; };
		91EDB45417234B5500677799 /* spiderweb@2x.png */ = {isa = PBXFileReference; lastKnownFileType = image.png; path = "spiderweb@2x.png"; sourceTree = "<group>"; };
/* End PBXFileReference section */

/* Begin PBXFrameworksBuildPhase section */
		9127A13F167D36FD00D1EB09 /* Frameworks */ = {
			isa = PBXFrameworksBuildPhase;
			buildActionMask = 2147483647;
			files = (
				9127A1F8167DF77400D1EB09 /* Twitter.framework in Frameworks */,
				9127A1F6167DF76D00D1EB09 /* Social.framework in Frameworks */,
				9127A1D2167D48A000D1EB09 /* libz.dylib in Frameworks */,
				9127A1D0167D489900D1EB09 /* MobileCoreServices.framework in Frameworks */,
				9127A1CE167D489300D1EB09 /* SystemConfiguration.framework in Frameworks */,
				9127A1CC167D488C00D1EB09 /* CFNetwork.framework in Frameworks */,
				9127A19B167D3C2900D1EB09 /* QuartzCore.framework in Frameworks */,
				9127A147167D36FD00D1EB09 /* UIKit.framework in Frameworks */,
				9127A149167D36FD00D1EB09 /* Foundation.framework in Frameworks */,
				9127A14B167D36FD00D1EB09 /* CoreGraphics.framework in Frameworks */,
			);
			runOnlyForDeploymentPostprocessing = 0;
		};
/* End PBXFrameworksBuildPhase section */

/* Begin PBXGroup section */
		3F07EDE31721FCCC003ACDEC /* Mini Icons */ = {
			isa = PBXGroup;
			children = (
				3F5DBC2E1722AA3900F503B2 /* HeaderCentraleSupelec@2x.png */,
				3F07EDE41721FCF0003ACDEC /* AuthorIconMini.png */,
				3F07EDE51721FCF0003ACDEC /* AuthorIconMini@2x.png */,
				3F07EDE61721FCF0003ACDEC /* CommentIconMini.png */,
				3F07EDE71721FCF0003ACDEC /* CommentIconMini@2x.png */,
				3F07EDE81721FCF0003ACDEC /* DateIconMini.png */,
				3F07EDE91721FCF0003ACDEC /* DateIconMini@2x.png */,
				3F07EDEA1721FCF0003ACDEC /* SizeIconMini.png */,
				3F07EDEB1721FCF0003ACDEC /* SizeIconMini@2x.png */,
			);
			name = "Mini Icons";
			sourceTree = "<group>";
		};
		3FF0B44D16C6947300E07D0E /* Gestionnaire de fichiers */ = {
			isa = PBXGroup;
			children = (
				3FF0B44E16C6949D00E07D0E /* FileManagerViewController.h */,
				3FF0B44F16C6949D00E07D0E /* FileManagerViewController.m */,
				3F47442616C846500005CE67 /* FileCell.h */,
				3F47442716C846500005CE67 /* FileCell.m */,
			);
			name = "Gestionnaire de fichiers";
			sourceTree = "<group>";
		};
		9127A137167D36FD00D1EB09 = {
			isa = PBXGroup;
			children = (
				9127A14C167D36FD00D1EB09 /* SetC : SujetsetCorriges */,
				9127A145167D36FD00D1EB09 /* Frameworks */,
				9127A143167D36FD00D1EB09 /* Products */,
			);
			sourceTree = "<group>";
		};
		9127A143167D36FD00D1EB09 /* Products */ = {
			isa = PBXGroup;
			children = (
				9127A142167D36FD00D1EB09 /* SetC : SujetsetCorriges.app */,
			);
			name = Products;
			sourceTree = "<group>";
		};
		9127A145167D36FD00D1EB09 /* Frameworks */ = {
			isa = PBXGroup;
			children = (
				9127A1F7167DF77400D1EB09 /* Twitter.framework */,
				9127A1F5167DF76D00D1EB09 /* Social.framework */,
				9127A1D1167D48A000D1EB09 /* libz.dylib */,
				9127A1CF167D489900D1EB09 /* MobileCoreServices.framework */,
				9127A1CD167D489300D1EB09 /* SystemConfiguration.framework */,
				9127A1CB167D488C00D1EB09 /* CFNetwork.framework */,
				9127A19A167D3C2900D1EB09 /* QuartzCore.framework */,
				9127A146167D36FD00D1EB09 /* UIKit.framework */,
				9127A148167D36FD00D1EB09 /* Foundation.framework */,
				9127A14A167D36FD00D1EB09 /* CoreGraphics.framework */,
			);
			name = Frameworks;
			sourceTree = "<group>";
		};
		9127A14C167D36FD00D1EB09 /* SetC : SujetsetCorriges */ = {
			isa = PBXGroup;
			children = (
				9127A177167D370B00D1EB09 /* Actualité */,
				9127A1A6167D46AF00D1EB09 /* Sujets et Corriges */,
				9127A1FC167DFD0400D1EB09 /* Simulateurs */,
				3FF0B44D16C6947300E07D0E /* Gestionnaire de fichiers */,
				9127A155167D36FD00D1EB09 /* AppDelegate.h */,
				9127A156167D36FD00D1EB09 /* AppDelegate.m */,
				9127A15E167D36FD00D1EB09 /* MainStoryboard_iPhone.storyboard */,
				9127A161167D36FD00D1EB09 /* MainStoryboard_iPad.storyboard */,
				9127A1AA167D481400D1EB09 /* ASIHTTPRequest */,
				9127A17A167D376D00D1EB09 /* ECSliding */,
				9127A196167D3A7B00D1EB09 /* MBProgressHUB */,
				9127A18E167D39DF00D1EB09 /* PullToRefresh */,
				9127A18A167D39C800D1EB09 /* XMLParser */,
				9127A179167D376700D1EB09 /* Images */,
				9127A14D167D36FD00D1EB09 /* Supporting Files */,
			);
			path = "SetC : SujetsetCorriges";
			sourceTree = "<group>";
		};
		9127A14D167D36FD00D1EB09 /* Supporting Files */ = {
			isa = PBXGroup;
			children = (
				9127A14E167D36FD00D1EB09 /* SetC : SujetsetCorriges-Info.plist */,
				9127A14F167D36FD00D1EB09 /* InfoPlist.strings */,
				9127A152167D36FD00D1EB09 /* main.m */,
				9127A154167D36FD00D1EB09 /* SetC : SujetsetCorriges-Prefix.pch */,
				9127A158167D36FD00D1EB09 /* Default.png */,
				9127A15A167D36FD00D1EB09 /* Default@2x.png */,
				9127A15C167D36FD00D1EB09 /* Default-568h@2x.png */,
			);
			name = "Supporting Files";
			sourceTree = "<group>";
		};
		9127A177167D370B00D1EB09 /* Actualité */ = {
			isa = PBXGroup;
			children = (
				9127A164167D36FD00D1EB09 /* ActuViewController.h */,
				9127A165167D36FD00D1EB09 /* ActuViewController.m */,
				9127A187167D397600D1EB09 /* ActuListViewController.h */,
				9127A188167D397600D1EB09 /* ActuListViewController.m */,
				3F45810016C00F310017BD9A /* NewsCell.h */,
				3F45810116C00F320017BD9A /* NewsCell.m */,
				9127A19C167D3F6100D1EB09 /* ActuDetailsViewController.h */,
				9127A19D167D3F6100D1EB09 /* ActuDetailsViewController.m */,
				9127A19F167D42D700D1EB09 /* ActuPartageViewController.h */,
				9127A1A0167D42D800D1EB09 /* ActuPartageViewController.m */,
				9127A1F9167DF80700D1EB09 /* ActuVariableStore.h */,
				9127A1FA167DF80700D1EB09 /* ActuVariableStore.m */,
				3F04F5FB167F25BC009EF9DB /* CommentsViewController.h */,
				3F04F5FC167F25BC009EF9DB /* CommentsViewController.m */,
			);
			name = "Actualité";
			sourceTree = "<group>";
		};
		9127A179167D376700D1EB09 /* Images */ = {
			isa = PBXGroup;
			children = (
				91B318F81722C30D00EA2D86 /* Simulateur Icons */,
				9185EE4E1722173F0014CC63 /* NavigationBar Icons */,
				9185EE0D17220A480014CC63 /* Partage Icons */,
				3F07EDE31721FCCC003ACDEC /* Mini Icons */,
				3F1D769B16C819F900020FDC /* sectionCCP.png */,
				3F1D769C16C819FA00020FDC /* sectionCCP@2x.png */,
				3F196E3116C42C8B00201FAC /* FenteLeft.png */,
				3F196E3216C42C8B00201FAC /* FenteRight.png */,
				3F196E2F16C42A4C00201FAC /* CentraleSupelec.png */,
				3FFA184B16C02B8000D6E085 /* NewsBackground.png */,
				3FFA184C16C02B8000D6E085 /* NewsBackgroundHighlighted.png */,
				9127A22C167E07B400D1EB09 /* Logo Tab Bar */,
				9127A22B167E07A200D1EB09 /* SplashScreen */,
				9127A22A167E078D00D1EB09 /* Logo Application */,
				9127A229167E077A00D1EB09 /* Logos Concours */,
			);
			name = Images;
			sourceTree = "<group>";
		};
		9127A17A167D376D00D1EB09 /* ECSliding */ = {
			isa = PBXGroup;
			children = (
				9127A17B167D378F00D1EB09 /* ECSlidingViewController.h */,
				9127A17C167D378F00D1EB09 /* ECSlidingViewController.m */,
				9127A17D167D378F00D1EB09 /* UIImage+ImageWithUIView.h */,
				9127A17E167D378F00D1EB09 /* UIImage+ImageWithUIView.m */,
			);
			name = ECSliding;
			sourceTree = "<group>";
		};
		9127A18A167D39C800D1EB09 /* XMLParser */ = {
			isa = PBXGroup;
			children = (
				9127A18B167D39D700D1EB09 /* XMLParser.h */,
				9127A18C167D39D700D1EB09 /* XMLParser.m */,
			);
			name = XMLParser;
			sourceTree = "<group>";
		};
		9127A18E167D39DF00D1EB09 /* PullToRefresh */ = {
			isa = PBXGroup;
			children = (
				9127A18F167D39F000D1EB09 /* arrow.png */,
				9127A190167D39F000D1EB09 /* arrow@2x.png */,
				9127A191167D39F000D1EB09 /* PullToRefreshView.h */,
				9127A192167D39F000D1EB09 /* PullToRefreshView.m */,
			);
			name = PullToRefresh;
			sourceTree = "<group>";
		};
		9127A196167D3A7B00D1EB09 /* MBProgressHUB */ = {
			isa = PBXGroup;
			children = (
				916692531722BB7F00C6C014 /* MBProgressHUD.h */,
				916692541722BB7F00C6C014 /* MBProgressHUD.m */,
			);
			name = MBProgressHUB;
			sourceTree = "<group>";
		};
		9127A1A6167D46AF00D1EB09 /* Sujets et Corriges */ = {
			isa = PBXGroup;
			children = (
				9127A16B167D36FD00D1EB09 /* SujetsCorrigesViewController.h */,
				9127A16C167D36FD00D1EB09 /* SujetsCorrigesViewController.m */,
				9127A1A7167D479400D1EB09 /* SujetsCorrigesPageViewController.h */,
				9127A1A8167D479400D1EB09 /* SujetsCorrigesPageViewController.m */,
				9127A1D3167D494E00D1EB09 /* SujetsCorrigesListViewController.h */,
				9127A1D4167D494E00D1EB09 /* SujetsCorrigesListViewController.m */,
				9127A1F1167DEDB400D1EB09 /* SujetsCorrigesDetailsViewController.h */,
				9127A1F2167DEDB400D1EB09 /* SujetsCorrigesDetailsViewController.m */,
				9127A1D6167D4BBE00D1EB09 /* ConcoursListViewController.h */,
				9127A1D7167D4BBE00D1EB09 /* ConcoursListViewController.m */,
				3FEBFCD516C46393007ABD8E /* ViewerViewController.h */,
				3FEBFCD616C46393007ABD8E /* ViewerViewController.m */,
				9127A1D9167D4D7300D1EB09 /* VariableStore.h */,
				9127A1DA167D4D7300D1EB09 /* VariableStore.m */,
				3F7BCE0C16C1BDB50084ACFD /* EpreuveCell.h */,
				3F7BCE0D16C1BDB50084ACFD /* EpreuveCell.m */,
				3F7BCE0F16C1C6370084ACFD /* ConcoursCell.h */,
				3F7BCE1016C1C6370084ACFD /* ConcoursCell.m */,
			);
			name = "Sujets et Corriges";
			sourceTree = "<group>";
		};
		9127A1AA167D481400D1EB09 /* ASIHTTPRequest */ = {
			isa = PBXGroup;
			children = (
				9127A1AB167D483700D1EB09 /* ASIAuthenticationDialog.h */,
				9127A1AC167D483700D1EB09 /* ASIAuthenticationDialog.m */,
				9127A1AD167D483700D1EB09 /* ASICacheDelegate.h */,
				9127A1AE167D483700D1EB09 /* ASIDataCompressor.h */,
				9127A1AF167D483700D1EB09 /* ASIDataCompressor.m */,
				9127A1B0167D483700D1EB09 /* ASIDataDecompressor.h */,
				9127A1B1167D483700D1EB09 /* ASIDataDecompressor.m */,
				9127A1B2167D483700D1EB09 /* ASIDownloadCache.h */,
				9127A1B3167D483700D1EB09 /* ASIDownloadCache.m */,
				9127A1B4167D483700D1EB09 /* ASIFormDataRequest.h */,
				9127A1B5167D483700D1EB09 /* ASIFormDataRequest.m */,
				9127A1B6167D483700D1EB09 /* ASIHTTPRequest.h */,
				9127A1B7167D483700D1EB09 /* ASIHTTPRequest.m */,
				9127A1B8167D483700D1EB09 /* ASIHTTPRequestConfig.h */,
				9127A1B9167D483700D1EB09 /* ASIHTTPRequestDelegate.h */,
				9127A1BA167D483700D1EB09 /* ASIInputStream.h */,
				9127A1BB167D483700D1EB09 /* ASIInputStream.m */,
				9127A1BC167D483700D1EB09 /* ASINetworkQueue.h */,
				9127A1BD167D483700D1EB09 /* ASINetworkQueue.m */,
				9127A1BE167D483700D1EB09 /* ASIProgressDelegate.h */,
				9127A1C7167D483B00D1EB09 /* Reachability */,
			);
			name = ASIHTTPRequest;
			sourceTree = "<group>";
		};
		9127A1C7167D483B00D1EB09 /* Reachability */ = {
			isa = PBXGroup;
			children = (
				9127A1C8167D485800D1EB09 /* Reachability.h */,
				9127A1C9167D485800D1EB09 /* Reachability.m */,
			);
			name = Reachability;
			sourceTree = "<group>";
		};
		9127A1FC167DFD0400D1EB09 /* Simulateurs */ = {
			isa = PBXGroup;
			children = (
				91C19615171898A500FD570E /* OptionsViews */,
				9127A1FD167DFF8100D1EB09 /* SimuListViewController.h */,
				9127A1FE167DFF8100D1EB09 /* SimuListViewController.m */,
			);
			name = Simulateurs;
			sourceTree = "<group>";
		};
		9127A229167E077A00D1EB09 /* Logos Concours */ = {
			isa = PBXGroup;
			children = (
				9127A215167E076100D1EB09 /* Baccalaureat.png */,
				9127A216167E076100D1EB09 /* Baccalaureat@2x.png */,
				9127A217167E076100D1EB09 /* Mines-Ponts.png */,
				9127A218167E076100D1EB09 /* Centrale-Supelec.png */,
				9127A219167E076100D1EB09 /* Banque PT.png */,
				9127A21A167E076100D1EB09 /* CCP.png */,
				9127A21B167E076100D1EB09 /* Centrale-Supelec@2x.png */,
				9127A21C167E076100D1EB09 /* Banque PT@2x.png */,
				9127A21D167E076100D1EB09 /* Mines-Ponts@2x.png */,
				9127A21E167E076100D1EB09 /* CCP@2x.png */,
			);
			name = "Logos Concours";
			sourceTree = "<group>";
		};
		9127A22A167E078D00D1EB09 /* Logo Application */ = {
			isa = PBXGroup;
			children = (
				9127A20D167E071300D1EB09 /* Icone114.png */,
				9127A20B167E070300D1EB09 /* Icone57.png */,
			);
			name = "Logo Application";
			sourceTree = "<group>";
		};
		9127A22B167E07A200D1EB09 /* SplashScreen */ = {
			isa = PBXGroup;
			children = (
				9127A213167E072F00D1EB09 /* Default-568h@2x.png */,
				9127A211167E072800D1EB09 /* Default@2x.png */,
				9127A20F167E072000D1EB09 /* Default.png */,
			);
			name = SplashScreen;
			sourceTree = "<group>";
		};
		9127A22C167E07B400D1EB09 /* Logo Tab Bar */ = {
			isa = PBXGroup;
			children = (
				9185EE421722160C0014CC63 /* box.png */,
				9185EE431722160C0014CC63 /* box@2x.png */,
				9185EE3E172215BA0014CC63 /* newspaper.png */,
				9185EE3F172215BA0014CC63 /* newspaper@2x.png */,
				9185EE46172216B40014CC63 /* stats.png */,
				9185EE47172216B50014CC63 /* stats@2x.png */,
				9185EE4A1722171F0014CC63 /* notepad.png */,
				9185EE4B1722171F0014CC63 /* notepad@2x.png */,
			);
			name = "Logo Tab Bar";
			sourceTree = "<group>";
		};
		9185EE0D17220A480014CC63 /* Partage Icons */ = {
			isa = PBXGroup;
			children = (
				91EDB45317234B5500677799 /* spiderweb.png */,
				91EDB45417234B5500677799 /* spiderweb@2x.png */,
				9185EE22172211B90014CC63 /* envelope.png */,
				9185EE23172211B90014CC63 /* envelope@2x.png */,
				9185EE24172211B90014CC63 /* chat.png */,
				9185EE25172211B90014CC63 /* chat@2x.png */,
				9185EE26172211B90014CC63 /* twitterbird.png */,
				9185EE27172211B90014CC63 /* twitterbird@2x.png */,
				9185EE28172211B90014CC63 /* facebook.png */,
				9185EE29172211B90014CC63 /* facebook@2x.png */,
				9185EE32172212A00014CC63 /* at.png */,
				9185EE33172212A00014CC63 /* at@2x.png */,
			);
			name = "Partage Icons";
			sourceTree = "<group>";
		};
		9185EE4E1722173F0014CC63 /* NavigationBar Icons */ = {
			isa = PBXGroup;
			children = (
				9185EE4F172217790014CC63 /* list.png */,
				9185EE501722177A0014CC63 /* list@2x.png */,
			);
			name = "NavigationBar Icons";
			sourceTree = "<group>";
		};
		91B318F81722C30D00EA2D86 /* Simulateur Icons */ = {
			isa = PBXGroup;
			children = (
				91B318F91722C32B00EA2D86 /* back.png */,
				91B318FA1722C32B00EA2D86 /* back@2x.png */,
				91B318FB1722C32B00EA2D86 /* forward.png */,
				91B318FC1722C32B00EA2D86 /* forward@2x.png */,
			);
			name = "Simulateur Icons";
			sourceTree = "<group>";
		};
		91C19615171898A500FD570E /* OptionsViews */ = {
			isa = PBXGroup;
			children = (
				91C196161718990E00FD570E /* CPGEView.h */,
				91C196171718990E00FD570E /* CPGEView.m */,
				91C19619171899B800FD570E /* CPGEView.xib */,
			);
			name = OptionsViews;
			sourceTree = "<group>";
		};
/* End PBXGroup section */

/* Begin PBXNativeTarget section */
		9127A141167D36FD00D1EB09 /* SetC : SujetsetCorriges */ = {
			isa = PBXNativeTarget;
			buildConfigurationList = 9127A174167D36FD00D1EB09 /* Build configuration list for PBXNativeTarget "SetC : SujetsetCorriges" */;
			buildPhases = (
				9127A13E167D36FD00D1EB09 /* Sources */,
				9127A13F167D36FD00D1EB09 /* Frameworks */,
				9127A140167D36FD00D1EB09 /* Resources */,
			);
			buildRules = (
			);
			dependencies = (
			);
			name = "SetC : SujetsetCorriges";
			productName = "SetC : SujetsetCorriges";
			productReference = 9127A142167D36FD00D1EB09 /* SetC : SujetsetCorriges.app */;
			productType = "com.apple.product-type.application";
		};
/* End PBXNativeTarget section */

/* Begin PBXProject section */
		9127A139167D36FD00D1EB09 /* Project object */ = {
			isa = PBXProject;
			attributes = {
				LastUpgradeCheck = 0450;
				ORGANIZATIONNAME = SeC;
			};
			buildConfigurationList = 9127A13C167D36FD00D1EB09 /* Build configuration list for PBXProject "SetC : SujetsetCorriges" */;
			compatibilityVersion = "Xcode 3.2";
			developmentRegion = English;
			hasScannedForEncodings = 0;
			knownRegions = (
				en,
			);
			mainGroup = 9127A137167D36FD00D1EB09;
			productRefGroup = 9127A143167D36FD00D1EB09 /* Products */;
			projectDirPath = "";
			projectRoot = "";
			targets = (
				9127A141167D36FD00D1EB09 /* SetC : SujetsetCorriges */,
			);
		};
/* End PBXProject section */

/* Begin PBXResourcesBuildPhase section */
		9127A140167D36FD00D1EB09 /* Resources */ = {
			isa = PBXResourcesBuildPhase;
			buildActionMask = 2147483647;
			files = (
				9127A151167D36FD00D1EB09 /* InfoPlist.strings in Resources */,
				9127A160167D36FD00D1EB09 /* MainStoryboard_iPhone.storyboard in Resources */,
				9127A163167D36FD00D1EB09 /* MainStoryboard_iPad.storyboard in Resources */,
				9127A193167D39F000D1EB09 /* arrow.png in Resources */,
				9127A194167D39F000D1EB09 /* arrow@2x.png in Resources */,
				9127A20C167E070300D1EB09 /* Icone57.png in Resources */,
				9127A20E167E071300D1EB09 /* Icone114.png in Resources */,
				9127A210167E072000D1EB09 /* Default.png in Resources */,
				9127A212167E072800D1EB09 /* Default@2x.png in Resources */,
				9127A214167E072F00D1EB09 /* Default-568h@2x.png in Resources */,
				9127A21F167E076100D1EB09 /* Baccalaureat.png in Resources */,
				9127A220167E076100D1EB09 /* Baccalaureat@2x.png in Resources */,
				9127A221167E076100D1EB09 /* Mines-Ponts.png in Resources */,
				9127A222167E076100D1EB09 /* Centrale-Supelec.png in Resources */,
				9127A223167E076100D1EB09 /* Banque PT.png in Resources */,
				9127A224167E076100D1EB09 /* CCP.png in Resources */,
				9127A225167E076100D1EB09 /* Centrale-Supelec@2x.png in Resources */,
				9127A226167E076100D1EB09 /* Banque PT@2x.png in Resources */,
				9127A227167E076100D1EB09 /* Mines-Ponts@2x.png in Resources */,
				9127A228167E076100D1EB09 /* CCP@2x.png in Resources */,
				3FFA184D16C02B8000D6E085 /* NewsBackground.png in Resources */,
				3FFA184E16C02B8000D6E085 /* NewsBackgroundHighlighted.png in Resources */,
				3F196E3016C42A4C00201FAC /* CentraleSupelec.png in Resources */,
				3F196E3316C42C8B00201FAC /* FenteLeft.png in Resources */,
				3F196E3416C42C8B00201FAC /* FenteRight.png in Resources */,
				3F1D769D16C819FA00020FDC /* sectionCCP.png in Resources */,
				3F1D769E16C819FA00020FDC /* sectionCCP@2x.png in Resources */,
				91C1961A171899B800FD570E /* CPGEView.xib in Resources */,
				3F07EDEC1721FCF0003ACDEC /* AuthorIconMini.png in Resources */,
				3F07EDED1721FCF0003ACDEC /* AuthorIconMini@2x.png in Resources */,
				3F07EDEE1721FCF0003ACDEC /* CommentIconMini.png in Resources */,
				3F07EDEF1721FCF0003ACDEC /* CommentIconMini@2x.png in Resources */,
				3F07EDF01721FCF0003ACDEC /* DateIconMini.png in Resources */,
				3F07EDF11721FCF0003ACDEC /* DateIconMini@2x.png in Resources */,
				3F07EDF21721FCF0003ACDEC /* SizeIconMini.png in Resources */,
				3F07EDF31721FCF0003ACDEC /* SizeIconMini@2x.png in Resources */,
				9185EE2A172211B90014CC63 /* envelope.png in Resources */,
				9185EE2B172211B90014CC63 /* envelope@2x.png in Resources */,
				9185EE2C172211B90014CC63 /* chat.png in Resources */,
				9185EE2D172211B90014CC63 /* chat@2x.png in Resources */,
				9185EE2E172211B90014CC63 /* twitterbird.png in Resources */,
				9185EE2F172211B90014CC63 /* twitterbird@2x.png in Resources */,
				9185EE30172211B90014CC63 /* facebook.png in Resources */,
				9185EE31172211B90014CC63 /* facebook@2x.png in Resources */,
				9185EE34172212A00014CC63 /* at.png in Resources */,
				9185EE35172212A00014CC63 /* at@2x.png in Resources */,
				9185EE40172215BA0014CC63 /* newspaper.png in Resources */,
				9185EE41172215BA0014CC63 /* newspaper@2x.png in Resources */,
				9185EE441722160C0014CC63 /* box.png in Resources */,
				9185EE451722160C0014CC63 /* box@2x.png in Resources */,
				9185EE48172216B50014CC63 /* stats.png in Resources */,
				9185EE49172216B50014CC63 /* stats@2x.png in Resources */,
				9185EE4C1722171F0014CC63 /* notepad.png in Resources */,
				9185EE4D1722171F0014CC63 /* notepad@2x.png in Resources */,
				9185EE511722177B0014CC63 /* list.png in Resources */,
				9185EE521722177B0014CC63 /* list@2x.png in Resources */,
				3F5DBC2F1722AA3900F503B2 /* HeaderCentraleSupelec@2x.png in Resources */,
				91B318FD1722C32B00EA2D86 /* back.png in Resources */,
				91B318FE1722C32B00EA2D86 /* back@2x.png in Resources */,
				91B318FF1722C32B00EA2D86 /* forward.png in Resources */,
				91B319001722C32B00EA2D86 /* forward@2x.png in Resources */,
				91EDB45517234B5500677799 /* spiderweb.png in Resources */,
				91EDB45617234B5500677799 /* spiderweb@2x.png in Resources */,
			);
			runOnlyForDeploymentPostprocessing = 0;
		};
/* End PBXResourcesBuildPhase section */

/* Begin PBXSourcesBuildPhase section */
		9127A13E167D36FD00D1EB09 /* Sources */ = {
			isa = PBXSourcesBuildPhase;
			buildActionMask = 2147483647;
			files = (
				9127A153167D36FD00D1EB09 /* main.m in Sources */,
				9127A157167D36FD00D1EB09 /* AppDelegate.m in Sources */,
				9127A166167D36FD00D1EB09 /* ActuViewController.m in Sources */,
				9127A16D167D36FD00D1EB09 /* SujetsCorrigesViewController.m in Sources */,
				9127A17F167D378F00D1EB09 /* ECSlidingViewController.m in Sources */,
				9127A180167D378F00D1EB09 /* UIImage+ImageWithUIView.m in Sources */,
				9127A189167D397600D1EB09 /* ActuListViewController.m in Sources */,
				9127A18D167D39D700D1EB09 /* XMLParser.m in Sources */,
				9127A195167D39F000D1EB09 /* PullToRefreshView.m in Sources */,
				9127A19E167D3F6100D1EB09 /* ActuDetailsViewController.m in Sources */,
				9127A1A1167D42D800D1EB09 /* ActuPartageViewController.m in Sources */,
				9127A1A9167D479400D1EB09 /* SujetsCorrigesPageViewController.m in Sources */,
				9127A1BF167D483700D1EB09 /* ASIAuthenticationDialog.m in Sources */,
				9127A1C0167D483700D1EB09 /* ASIDataCompressor.m in Sources */,
				9127A1C1167D483700D1EB09 /* ASIDataDecompressor.m in Sources */,
				9127A1C2167D483700D1EB09 /* ASIDownloadCache.m in Sources */,
				9127A1C3167D483700D1EB09 /* ASIFormDataRequest.m in Sources */,
				9127A1C4167D483700D1EB09 /* ASIHTTPRequest.m in Sources */,
				9127A1C5167D483700D1EB09 /* ASIInputStream.m in Sources */,
				9127A1C6167D483700D1EB09 /* ASINetworkQueue.m in Sources */,
				9127A1CA167D485800D1EB09 /* Reachability.m in Sources */,
				9127A1D5167D494E00D1EB09 /* SujetsCorrigesListViewController.m in Sources */,
				9127A1D8167D4BBF00D1EB09 /* ConcoursListViewController.m in Sources */,
				9127A1DB167D4D7300D1EB09 /* VariableStore.m in Sources */,
				9127A1F3167DEDB500D1EB09 /* SujetsCorrigesDetailsViewController.m in Sources */,
				9127A1FB167DF80700D1EB09 /* ActuVariableStore.m in Sources */,
				9127A1FF167DFF8100D1EB09 /* SimuListViewController.m in Sources */,
				3F04F5FD167F25BC009EF9DB /* CommentsViewController.m in Sources */,
				3F45810216C00F320017BD9A /* NewsCell.m in Sources */,
				3F7BCE0E16C1BDB50084ACFD /* EpreuveCell.m in Sources */,
				3F7BCE1116C1C6370084ACFD /* ConcoursCell.m in Sources */,
				3FEBFCD716C46393007ABD8E /* ViewerViewController.m in Sources */,
				3FF0B45016C6949D00E07D0E /* FileManagerViewController.m in Sources */,
				3F47442816C846500005CE67 /* FileCell.m in Sources */,
				91C196181718990E00FD570E /* CPGEView.m in Sources */,
				916692551722BB7F00C6C014 /* MBProgressHUD.m in Sources */,
			);
			runOnlyForDeploymentPostprocessing = 0;
		};
/* End PBXSourcesBuildPhase section */

/* Begin PBXVariantGroup section */
		9127A14F167D36FD00D1EB09 /* InfoPlist.strings */ = {
			isa = PBXVariantGroup;
			children = (
				9127A150167D36FD00D1EB09 /* en */,
			);
			name = InfoPlist.strings;
			sourceTree = "<group>";
		};
		9127A15E167D36FD00D1EB09 /* MainStoryboard_iPhone.storyboard */ = {
			isa = PBXVariantGroup;
			children = (
				9127A15F167D36FD00D1EB09 /* en */,
			);
			name = MainStoryboard_iPhone.storyboard;
			sourceTree = "<group>";
		};
		9127A161167D36FD00D1EB09 /* MainStoryboard_iPad.storyboard */ = {
			isa = PBXVariantGroup;
			children = (
				9127A162167D36FD00D1EB09 /* en */,
			);
			name = MainStoryboard_iPad.storyboard;
			sourceTree = "<group>";
		};
/* End PBXVariantGroup section */

/* Begin XCBuildConfiguration section */
		9127A172167D36FD00D1EB09 /* Debug */ = {
			isa = XCBuildConfiguration;
			buildSettings = {
				ALWAYS_SEARCH_USER_PATHS = NO;
				CLANG_CXX_LANGUAGE_STANDARD = "gnu++0x";
				CLANG_CXX_LIBRARY = "libc++";
				CLANG_ENABLE_OBJC_ARC = YES;
				CLANG_WARN_EMPTY_BODY = YES;
				CLANG_WARN__DUPLICATE_METHOD_MATCH = YES;
				CODE_SIGN_IDENTITY = "iPhone Developer: Mestiri Hedi (23EZE4M6FS)";
				"CODE_SIGN_IDENTITY[sdk=iphoneos*]" = "iPhone Developer: Mestiri Hedi (23EZE4M6FS)";
				COPY_PHASE_STRIP = NO;
				GCC_C_LANGUAGE_STANDARD = gnu99;
				GCC_DYNAMIC_NO_PIC = NO;
				GCC_OPTIMIZATION_LEVEL = 0;
				GCC_PREPROCESSOR_DEFINITIONS = (
					"DEBUG=1",
					"$(inherited)",
				);
				GCC_SYMBOLS_PRIVATE_EXTERN = NO;
				GCC_WARN_ABOUT_RETURN_TYPE = YES;
				GCC_WARN_UNINITIALIZED_AUTOS = YES;
				GCC_WARN_UNUSED_VARIABLE = YES;
				IPHONEOS_DEPLOYMENT_TARGET = 6.0;
				ONLY_ACTIVE_ARCH = YES;
				PROVISIONING_PROFILE = "7B2894A1-30CD-4B77-9D9D-4772A521B8EA";
				"PROVISIONING_PROFILE[sdk=iphoneos*]" = "7B2894A1-30CD-4B77-9D9D-4772A521B8EA";
				SDKROOT = iphoneos;
				TARGETED_DEVICE_FAMILY = "1,2";
			};
			name = Debug;
		};
		9127A173167D36FD00D1EB09 /* Release */ = {
			isa = XCBuildConfiguration;
			buildSettings = {
				ALWAYS_SEARCH_USER_PATHS = NO;
				CLANG_CXX_LANGUAGE_STANDARD = "gnu++0x";
				CLANG_CXX_LIBRARY = "libc++";
				CLANG_ENABLE_OBJC_ARC = YES;
				CLANG_WARN_EMPTY_BODY = YES;
				CLANG_WARN__DUPLICATE_METHOD_MATCH = YES;
				CODE_SIGN_IDENTITY = "iPhone Developer: Mestiri Hedi (23EZE4M6FS)";
				"CODE_SIGN_IDENTITY[sdk=iphoneos*]" = "iPhone Developer: Mestiri Hedi (23EZE4M6FS)";
				COPY_PHASE_STRIP = YES;
				GCC_C_LANGUAGE_STANDARD = gnu99;
				GCC_WARN_ABOUT_RETURN_TYPE = YES;
				GCC_WARN_UNINITIALIZED_AUTOS = YES;
				GCC_WARN_UNUSED_VARIABLE = YES;
				IPHONEOS_DEPLOYMENT_TARGET = 6.0;
				OTHER_CFLAGS = "-DNS_BLOCK_ASSERTIONS=1";
				PROVISIONING_PROFILE = "7B2894A1-30CD-4B77-9D9D-4772A521B8EA";
				"PROVISIONING_PROFILE[sdk=iphoneos*]" = "7B2894A1-30CD-4B77-9D9D-4772A521B8EA";
				SDKROOT = iphoneos;
				TARGETED_DEVICE_FAMILY = "1,2";
				VALIDATE_PRODUCT = YES;
			};
			name = Release;
		};
		9127A175167D36FD00D1EB09 /* Debug */ = {
			isa = XCBuildConfiguration;
			buildSettings = {
				CODE_SIGN_IDENTITY = "iPhone Developer: Mestiri Hedi (23EZE4M6FS)";
				"CODE_SIGN_IDENTITY[sdk=iphoneos*]" = "iPhone Developer: Mestiri Hedi (23EZE4M6FS)";
				GCC_PRECOMPILE_PREFIX_HEADER = YES;
				GCC_PREFIX_HEADER = "SetC : SujetsetCorriges/SetC : SujetsetCorriges-Prefix.pch";
				INFOPLIST_FILE = "SetC : SujetsetCorriges/SetC : SujetsetCorriges-Info.plist";
				IPHONEOS_DEPLOYMENT_TARGET = 6.0;
				PRODUCT_NAME = "$(TARGET_NAME)";
				PROVISIONING_PROFILE = "7B2894A1-30CD-4B77-9D9D-4772A521B8EA";
				"PROVISIONING_PROFILE[sdk=iphoneos*]" = "7B2894A1-30CD-4B77-9D9D-4772A521B8EA";
				WRAPPER_EXTENSION = app;
			};
			name = Debug;
		};
		9127A176167D36FD00D1EB09 /* Release */ = {
			isa = XCBuildConfiguration;
			buildSettings = {
				CODE_SIGN_IDENTITY = "iPhone Developer: Mestiri Hedi (23EZE4M6FS)";
				"CODE_SIGN_IDENTITY[sdk=iphoneos*]" = "iPhone Developer: Mestiri Hedi (23EZE4M6FS)";
				GCC_PRECOMPILE_PREFIX_HEADER = YES;
				GCC_PREFIX_HEADER = "SetC : SujetsetCorriges/SetC : SujetsetCorriges-Prefix.pch";
				INFOPLIST_FILE = "SetC : SujetsetCorriges/SetC : SujetsetCorriges-Info.plist";
				IPHONEOS_DEPLOYMENT_TARGET = 6.0;
				PRODUCT_NAME = "$(TARGET_NAME)";
				PROVISIONING_PROFILE = "7B2894A1-30CD-4B77-9D9D-4772A521B8EA";
				"PROVISIONING_PROFILE[sdk=iphoneos*]" = "7B2894A1-30CD-4B77-9D9D-4772A521B8EA";
				WRAPPER_EXTENSION = app;
			};
			name = Release;
		};
/* End XCBuildConfiguration section */

/* Begin XCConfigurationList section */
		9127A13C167D36FD00D1EB09 /* Build configuration list for PBXProject "SetC : SujetsetCorriges" */ = {
			isa = XCConfigurationList;
			buildConfigurations = (
				9127A172167D36FD00D1EB09 /* Debug */,
				9127A173167D36FD00D1EB09 /* Release */,
			);
			defaultConfigurationIsVisible = 0;
			defaultConfigurationName = Release;
		};
		9127A174167D36FD00D1EB09 /* Build configuration list for PBXNativeTarget "SetC : SujetsetCorriges" */ = {
			isa = XCConfigurationList;
			buildConfigurations = (
				9127A175167D36FD00D1EB09 /* Debug */,
				9127A176167D36FD00D1EB09 /* Release */,
			);
			defaultConfigurationIsVisible = 0;
			defaultConfigurationName = Release;
		};
/* End XCConfigurationList section */
	};
	rootObject = 9127A139167D36FD00D1EB09 /* Project object */;
}
